// !$*UTF8*$!
{
	archiveVersion = 1;
	classes = {
	};
	objectVersion = 48;
	objects = {

/* Begin PBXBuildFile section */
		4CC31C953BC5521CB2E46CD0 /* Pods_MyCATA.framework in Frameworks */ = {isa = PBXBuildFile; fileRef = 2D53BCFA60DCB22E4586884D /* Pods_MyCATA.framework */; };
		EA42D3921FBA4588008C8CBF /* AppDelegate.swift in Sources */ = {isa = PBXBuildFile; fileRef = EA42D3911FBA4588008C8CBF /* AppDelegate.swift */; };
		EA42D3941FBA4588008C8CBF /* WelcomeViewController.swift in Sources */ = {isa = PBXBuildFile; fileRef = EA42D3931FBA4588008C8CBF /* WelcomeViewController.swift */; };
		EA42D3971FBA4588008C8CBF /* Main.storyboard in Resources */ = {isa = PBXBuildFile; fileRef = EA42D3951FBA4588008C8CBF /* Main.storyboard */; };
		EA42D3991FBA4588008C8CBF /* Assets.xcassets in Resources */ = {isa = PBXBuildFile; fileRef = EA42D3981FBA4588008C8CBF /* Assets.xcassets */; };
		EA42D39C1FBA4588008C8CBF /* LaunchScreen.storyboard in Resources */ = {isa = PBXBuildFile; fileRef = EA42D39A1FBA4588008C8CBF /* LaunchScreen.storyboard */; };
		EA42D3A71FBA4588008C8CBF /* MyCATATests.swift in Sources */ = {isa = PBXBuildFile; fileRef = EA42D3A61FBA4588008C8CBF /* MyCATATests.swift */; };
		EA42D3BB1FBA4902008C8CBF /* StopData.json in Resources */ = {isa = PBXBuildFile; fileRef = EA42D3B91FBA4901008C8CBF /* StopData.json */; };
		EA42D3BC1FBA4902008C8CBF /* RouteData.json in Resources */ = {isa = PBXBuildFile; fileRef = EA42D3BA1FBA4902008C8CBF /* RouteData.json */; };
		EA42D3BE1FBBB955008C8CBF /* RouteDetail.swift in Sources */ = {isa = PBXBuildFile; fileRef = EA42D3BD1FBBB955008C8CBF /* RouteDetail.swift */; };
		EA42D3C01FBBBDB1008C8CBF /* Stop.swift in Sources */ = {isa = PBXBuildFile; fileRef = EA42D3BF1FBBBDB1008C8CBF /* Stop.swift */; };
		EA42D3C21FBBBEDA008C8CBF /* RouteStop.swift in Sources */ = {isa = PBXBuildFile; fileRef = EA42D3C11FBBBEDA008C8CBF /* RouteStop.swift */; };
		EA42D3C61FBCF460008C8CBF /* MyCATAModel.swift in Sources */ = {isa = PBXBuildFile; fileRef = EA42D3C51FBCF460008C8CBF /* MyCATAModel.swift */; };
		EA42D3C81FBE1246008C8CBF /* Constants.swift in Sources */ = {isa = PBXBuildFile; fileRef = EA42D3C71FBE1246008C8CBF /* Constants.swift */; };
		EA42D3CA1FBE19D6008C8CBF /* UIColor+extension.swift in Sources */ = {isa = PBXBuildFile; fileRef = EA42D3C91FBE19D6008C8CBF /* UIColor+extension.swift */; };
		EA42D3CC1FBE1D96008C8CBF /* RoutesTableViewController.swift in Sources */ = {isa = PBXBuildFile; fileRef = EA42D3CB1FBE1D96008C8CBF /* RoutesTableViewController.swift */; };
		EA42D3CE1FC146A3008C8CBF /* StopDeparture.swift in Sources */ = {isa = PBXBuildFile; fileRef = EA42D3CD1FC146A3008C8CBF /* StopDeparture.swift */; };
		EA42D3D01FC155F2008C8CBF /* FavoritesTableViewController.swift in Sources */ = {isa = PBXBuildFile; fileRef = EA42D3CF1FC155F2008C8CBF /* FavoritesTableViewController.swift */; };
		EA42D3D21FC16E12008C8CBF /* DepartureTableViewCell.swift in Sources */ = {isa = PBXBuildFile; fileRef = EA42D3D11FC16E12008C8CBF /* DepartureTableViewCell.swift */; };
		EA42D3DA1FC189AA008C8CBF /* DepartureTableViewHeader.xib in Resources */ = {isa = PBXBuildFile; fileRef = EA42D3D91FC189AA008C8CBF /* DepartureTableViewHeader.xib */; };
		EA42D3DC1FC18AA5008C8CBF /* DepartureTableHeaderView.swift in Sources */ = {isa = PBXBuildFile; fileRef = EA42D3DB1FC18AA5008C8CBF /* DepartureTableHeaderView.swift */; };
		EA6536DA1FCDE64800562117 /* LocationServices.swift in Sources */ = {isa = PBXBuildFile; fileRef = EA6536D91FCDE64800562117 /* LocationServices.swift */; };
		EA82CCC91FCCD71C00105E6A /* data.json in Resources */ = {isa = PBXBuildFile; fileRef = EA82CCC81FCCD71C00105E6A /* data.json */; };
		EA9244991FD0907E00DE02B4 /* SearchTableViewController.swift in Sources */ = {isa = PBXBuildFile; fileRef = EA9244981FD0907E00DE02B4 /* SearchTableViewController.swift */; };
		EA94F3E81FCBF82700FB7F2C /* RouteMapViewController.swift in Sources */ = {isa = PBXBuildFile; fileRef = EA94F3E71FCBF82700FB7F2C /* RouteMapViewController.swift */; };
		EA94F3EC1FCBF93700FB7F2C /* RouteMapViewModel.swift in Sources */ = {isa = PBXBuildFile; fileRef = EA94F3EB1FCBF93700FB7F2C /* RouteMapViewModel.swift */; };
		EAE0D72B1FC6433100615053 /* Date+extension.swift in Sources */ = {isa = PBXBuildFile; fileRef = EAE0D72A1FC6433100615053 /* Date+extension.swift */; };
		EAF06C151FC273AC00E1FE86 /* SettingsTableViewController.swift in Sources */ = {isa = PBXBuildFile; fileRef = EAF06C141FC273AC00E1FE86 /* SettingsTableViewController.swift */; };
/* End PBXBuildFile section */

/* Begin PBXContainerItemProxy section */
		EA42D3A31FBA4588008C8CBF /* PBXContainerItemProxy */ = {
			isa = PBXContainerItemProxy;
			containerPortal = EA42D3861FBA4587008C8CBF /* Project object */;
			proxyType = 1;
			remoteGlobalIDString = EA42D38D1FBA4587008C8CBF;
			remoteInfo = MyCATA;
		};
/* End PBXContainerItemProxy section */

/* Begin PBXFileReference section */
		2D53BCFA60DCB22E4586884D /* Pods_MyCATA.framework */ = {isa = PBXFileReference; explicitFileType = wrapper.framework; includeInIndex = 0; path = Pods_MyCATA.framework; sourceTree = BUILT_PRODUCTS_DIR; };
		547C257FF99783CDBDC97527 /* Pods-MyCATA.release.xcconfig */ = {isa = PBXFileReference; includeInIndex = 1; lastKnownFileType = text.xcconfig; name = "Pods-MyCATA.release.xcconfig"; path = "Pods/Target Support Files/Pods-MyCATA/Pods-MyCATA.release.xcconfig"; sourceTree = "<group>"; };
		918333511F8F4D3F2B7C3509 /* Pods-MyCATA.debug.xcconfig */ = {isa = PBXFileReference; includeInIndex = 1; lastKnownFileType = text.xcconfig; name = "Pods-MyCATA.debug.xcconfig"; path = "Pods/Target Support Files/Pods-MyCATA/Pods-MyCATA.debug.xcconfig"; sourceTree = "<group>"; };
		EA42D38E1FBA4587008C8CBF /* MyCATA.app */ = {isa = PBXFileReference; explicitFileType = wrapper.application; includeInIndex = 0; path = MyCATA.app; sourceTree = BUILT_PRODUCTS_DIR; };
		EA42D3911FBA4588008C8CBF /* AppDelegate.swift */ = {isa = PBXFileReference; lastKnownFileType = sourcecode.swift; path = AppDelegate.swift; sourceTree = "<group>"; };
		EA42D3931FBA4588008C8CBF /* WelcomeViewController.swift */ = {isa = PBXFileReference; lastKnownFileType = sourcecode.swift; path = WelcomeViewController.swift; sourceTree = "<group>"; };
		EA42D3961FBA4588008C8CBF /* Base */ = {isa = PBXFileReference; lastKnownFileType = file.storyboard; name = Base; path = Base.lproj/Main.storyboard; sourceTree = "<group>"; };
		EA42D3981FBA4588008C8CBF /* Assets.xcassets */ = {isa = PBXFileReference; lastKnownFileType = folder.assetcatalog; path = Assets.xcassets; sourceTree = "<group>"; };
		EA42D39B1FBA4588008C8CBF /* Base */ = {isa = PBXFileReference; lastKnownFileType = file.storyboard; name = Base; path = Base.lproj/LaunchScreen.storyboard; sourceTree = "<group>"; };
		EA42D39D1FBA4588008C8CBF /* Info.plist */ = {isa = PBXFileReference; lastKnownFileType = text.plist.xml; path = Info.plist; sourceTree = "<group>"; };
		EA42D3A21FBA4588008C8CBF /* MyCATATests.xctest */ = {isa = PBXFileReference; explicitFileType = wrapper.cfbundle; includeInIndex = 0; path = MyCATATests.xctest; sourceTree = BUILT_PRODUCTS_DIR; };
		EA42D3A61FBA4588008C8CBF /* MyCATATests.swift */ = {isa = PBXFileReference; lastKnownFileType = sourcecode.swift; path = MyCATATests.swift; sourceTree = "<group>"; };
		EA42D3A81FBA4588008C8CBF /* Info.plist */ = {isa = PBXFileReference; lastKnownFileType = text.plist.xml; path = Info.plist; sourceTree = "<group>"; };
		EA42D3B91FBA4901008C8CBF /* StopData.json */ = {isa = PBXFileReference; fileEncoding = 4; lastKnownFileType = text.json; path = StopData.json; sourceTree = "<group>"; };
		EA42D3BA1FBA4902008C8CBF /* RouteData.json */ = {isa = PBXFileReference; fileEncoding = 4; lastKnownFileType = text.json; path = RouteData.json; sourceTree = "<group>"; };
		EA42D3BD1FBBB955008C8CBF /* RouteDetail.swift */ = {isa = PBXFileReference; lastKnownFileType = sourcecode.swift; path = RouteDetail.swift; sourceTree = "<group>"; };
		EA42D3BF1FBBBDB1008C8CBF /* Stop.swift */ = {isa = PBXFileReference; lastKnownFileType = sourcecode.swift; path = Stop.swift; sourceTree = "<group>"; };
		EA42D3C11FBBBEDA008C8CBF /* RouteStop.swift */ = {isa = PBXFileReference; lastKnownFileType = sourcecode.swift; path = RouteStop.swift; sourceTree = "<group>"; };
		EA42D3C51FBCF460008C8CBF /* MyCATAModel.swift */ = {isa = PBXFileReference; lastKnownFileType = sourcecode.swift; path = MyCATAModel.swift; sourceTree = "<group>"; };
		EA42D3C71FBE1246008C8CBF /* Constants.swift */ = {isa = PBXFileReference; lastKnownFileType = sourcecode.swift; path = Constants.swift; sourceTree = "<group>"; };
		EA42D3C91FBE19D6008C8CBF /* UIColor+extension.swift */ = {isa = PBXFileReference; lastKnownFileType = sourcecode.swift; path = "UIColor+extension.swift"; sourceTree = "<group>"; };
		EA42D3CB1FBE1D96008C8CBF /* RoutesTableViewController.swift */ = {isa = PBXFileReference; lastKnownFileType = sourcecode.swift; path = RoutesTableViewController.swift; sourceTree = "<group>"; };
		EA42D3CD1FC146A3008C8CBF /* StopDeparture.swift */ = {isa = PBXFileReference; lastKnownFileType = sourcecode.swift; path = StopDeparture.swift; sourceTree = "<group>"; };
		EA42D3CF1FC155F2008C8CBF /* FavoritesTableViewController.swift */ = {isa = PBXFileReference; lastKnownFileType = sourcecode.swift; path = FavoritesTableViewController.swift; sourceTree = "<group>"; };
		EA42D3D11FC16E12008C8CBF /* DepartureTableViewCell.swift */ = {isa = PBXFileReference; lastKnownFileType = sourcecode.swift; path = DepartureTableViewCell.swift; sourceTree = "<group>"; };
		EA42D3D91FC189AA008C8CBF /* DepartureTableViewHeader.xib */ = {isa = PBXFileReference; lastKnownFileType = file.xib; path = DepartureTableViewHeader.xib; sourceTree = "<group>"; };
		EA42D3DB1FC18AA5008C8CBF /* DepartureTableHeaderView.swift */ = {isa = PBXFileReference; lastKnownFileType = sourcecode.swift; path = DepartureTableHeaderView.swift; sourceTree = "<group>"; };
		EA6536D91FCDE64800562117 /* LocationServices.swift */ = {isa = PBXFileReference; lastKnownFileType = sourcecode.swift; path = LocationServices.swift; sourceTree = "<group>"; };
		EA6536DB1FCDF01400562117 /* Kunkle Location.gpx */ = {isa = PBXFileReference; lastKnownFileType = text.xml; path = "Kunkle Location.gpx"; sourceTree = "<group>"; };
		EA82CCC71FCCAB8600105E6A /* Westgate Location.gpx */ = {isa = PBXFileReference; lastKnownFileType = text.xml; path = "Westgate Location.gpx"; sourceTree = "<group>"; };
		EA82CCC81FCCD71C00105E6A /* data.json */ = {isa = PBXFileReference; fileEncoding = 4; lastKnownFileType = text.json; path = data.json; sourceTree = "<group>"; };
		EA9244981FD0907E00DE02B4 /* SearchTableViewController.swift */ = {isa = PBXFileReference; lastKnownFileType = sourcecode.swift; path = SearchTableViewController.swift; sourceTree = "<group>"; };
		EA94F3E71FCBF82700FB7F2C /* RouteMapViewController.swift */ = {isa = PBXFileReference; lastKnownFileType = sourcecode.swift; path = RouteMapViewController.swift; sourceTree = "<group>"; };
		EA94F3EB1FCBF93700FB7F2C /* RouteMapViewModel.swift */ = {isa = PBXFileReference; lastKnownFileType = sourcecode.swift; path = RouteMapViewModel.swift; sourceTree = "<group>"; };
		EA9EDEAE1FC74E2700048626 /* Pattee Location.gpx */ = {isa = PBXFileReference; lastKnownFileType = text.xml; path = "Pattee Location.gpx"; sourceTree = "<group>"; };
		EAE0D72A1FC6433100615053 /* Date+extension.swift */ = {isa = PBXFileReference; lastKnownFileType = sourcecode.swift; path = "Date+extension.swift"; sourceTree = "<group>"; };
		EAF06C141FC273AC00E1FE86 /* SettingsTableViewController.swift */ = {isa = PBXFileReference; lastKnownFileType = sourcecode.swift; name = SettingsTableViewController.swift; path = MyCATA/Controller/SettingsTableViewController.swift; sourceTree = SOURCE_ROOT; };
/* End PBXFileReference section */

/* Begin PBXFrameworksBuildPhase section */
		EA42D38B1FBA4587008C8CBF /* Frameworks */ = {
			isa = PBXFrameworksBuildPhase;
			buildActionMask = 2147483647;
			files = (
				4CC31C953BC5521CB2E46CD0 /* Pods_MyCATA.framework in Frameworks */,
			);
			runOnlyForDeploymentPostprocessing = 0;
		};
		EA42D39F1FBA4588008C8CBF /* Frameworks */ = {
			isa = PBXFrameworksBuildPhase;
			buildActionMask = 2147483647;
			files = (
			);
			runOnlyForDeploymentPostprocessing = 0;
		};
/* End PBXFrameworksBuildPhase section */

/* Begin PBXGroup section */
		B56D3499268DA3E203A69131 /* Pods */ = {
			isa = PBXGroup;
			children = (
				918333511F8F4D3F2B7C3509 /* Pods-MyCATA.debug.xcconfig */,
				547C257FF99783CDBDC97527 /* Pods-MyCATA.release.xcconfig */,
			);
			name = Pods;
			sourceTree = "<group>";
		};
		BA90760B5B466D04B1C4F20B /* Frameworks */ = {
			isa = PBXGroup;
			children = (
				2D53BCFA60DCB22E4586884D /* Pods_MyCATA.framework */,
			);
			name = Frameworks;
			sourceTree = "<group>";
		};
		EA42D3851FBA4587008C8CBF = {
			isa = PBXGroup;
			children = (
				EA42D3901FBA4587008C8CBF /* MyCATA */,
				EA42D3A51FBA4588008C8CBF /* MyCATATests */,
				EA42D38F1FBA4587008C8CBF /* Products */,
				B56D3499268DA3E203A69131 /* Pods */,
				BA90760B5B466D04B1C4F20B /* Frameworks */,
			);
			sourceTree = "<group>";
		};
		EA42D38F1FBA4587008C8CBF /* Products */ = {
			isa = PBXGroup;
			children = (
				EA42D38E1FBA4587008C8CBF /* MyCATA.app */,
				EA42D3A21FBA4588008C8CBF /* MyCATATests.xctest */,
			);
			name = Products;
			sourceTree = "<group>";
		};
		EA42D3901FBA4587008C8CBF /* MyCATA */ = {
			isa = PBXGroup;
			children = (
				EA42D3B41FBA47B8008C8CBF /* Model */,
				EA42D3B21FBA479D008C8CBF /* Controller */,
				EA42D3B31FBA47A9008C8CBF /* View */,
				EA42D3B11FBA4789008C8CBF /* Supporting Cast */,
			);
			path = MyCATA;
			sourceTree = "<group>";
		};
		EA42D3A51FBA4588008C8CBF /* MyCATATests */ = {
			isa = PBXGroup;
			children = (
				EA42D3A61FBA4588008C8CBF /* MyCATATests.swift */,
				EA42D3A81FBA4588008C8CBF /* Info.plist */,
			);
			path = MyCATATests;
			sourceTree = "<group>";
		};
		EA42D3B11FBA4789008C8CBF /* Supporting Cast */ = {
			isa = PBXGroup;
			children = (
				EA42D3911FBA4588008C8CBF /* AppDelegate.swift */,
				EA42D3981FBA4588008C8CBF /* Assets.xcassets */,
				EA42D39A1FBA4588008C8CBF /* LaunchScreen.storyboard */,
				EA42D39D1FBA4588008C8CBF /* Info.plist */,
				EA42D3C91FBE19D6008C8CBF /* UIColor+extension.swift */,
				EAE0D72A1FC6433100615053 /* Date+extension.swift */,
				EA9EDEAE1FC74E2700048626 /* Pattee Location.gpx */,
				EA82CCC71FCCAB8600105E6A /* Westgate Location.gpx */,
				EA6536DB1FCDF01400562117 /* Kunkle Location.gpx */,
			);
			path = "Supporting Cast";
			sourceTree = "<group>";
		};
		EA42D3B21FBA479D008C8CBF /* Controller */ = {
			isa = PBXGroup;
			children = (
				EA42D3931FBA4588008C8CBF /* WelcomeViewController.swift */,
				EA42D3CB1FBE1D96008C8CBF /* RoutesTableViewController.swift */,
				EA42D3CF1FC155F2008C8CBF /* FavoritesTableViewController.swift */,
				EA94F3E71FCBF82700FB7F2C /* RouteMapViewController.swift */,
				EA9244981FD0907E00DE02B4 /* SearchTableViewController.swift */,
			);
			path = Controller;
			sourceTree = "<group>";
		};
		EA42D3B31FBA47A9008C8CBF /* View */ = {
			isa = PBXGroup;
			children = (
				EA42D3D91FC189AA008C8CBF /* DepartureTableViewHeader.xib */,
				EA42D3951FBA4588008C8CBF /* Main.storyboard */,
				EAF06C141FC273AC00E1FE86 /* SettingsTableViewController.swift */,
				EA42D3D11FC16E12008C8CBF /* DepartureTableViewCell.swift */,
				EA42D3DB1FC18AA5008C8CBF /* DepartureTableHeaderView.swift */,
			);
			path = View;
			sourceTree = "<group>";
		};
		EA42D3B41FBA47B8008C8CBF /* Model */ = {
			isa = PBXGroup;
			children = (
				EA94F3EA1FCBF91300FB7F2C /* JSON Data */,
				EA94F3E91FCBF8FD00FB7F2C /* Class and Struct */,
				EA42D3C71FBE1246008C8CBF /* Constants.swift */,
				EA42D3C51FBCF460008C8CBF /* MyCATAModel.swift */,
				EA6536D91FCDE64800562117 /* LocationServices.swift */,
				EA94F3EB1FCBF93700FB7F2C /* RouteMapViewModel.swift */,
			);
			path = Model;
			sourceTree = "<group>";
		};
		EA94F3E91FCBF8FD00FB7F2C /* Class and Struct */ = {
			isa = PBXGroup;
			children = (
				EA42D3BD1FBBB955008C8CBF /* RouteDetail.swift */,
				EA42D3BF1FBBBDB1008C8CBF /* Stop.swift */,
				EA42D3C11FBBBEDA008C8CBF /* RouteStop.swift */,
				EA42D3CD1FC146A3008C8CBF /* StopDeparture.swift */,
			);
			path = "Class and Struct";
			sourceTree = "<group>";
		};
		EA94F3EA1FCBF91300FB7F2C /* JSON Data */ = {
			isa = PBXGroup;
			children = (
				EA42D3BA1FBA4902008C8CBF /* RouteData.json */,
				EA42D3B91FBA4901008C8CBF /* StopData.json */,
				EA82CCC81FCCD71C00105E6A /* data.json */,
			);
			path = "JSON Data";
			sourceTree = "<group>";
		};
/* End PBXGroup section */

/* Begin PBXNativeTarget section */
		EA42D38D1FBA4587008C8CBF /* MyCATA */ = {
			isa = PBXNativeTarget;
			buildConfigurationList = EA42D3AB1FBA4588008C8CBF /* Build configuration list for PBXNativeTarget "MyCATA" */;
			buildPhases = (
				E433B2188536E62A83BA23F8 /* [CP] Check Pods Manifest.lock */,
				EA42D38A1FBA4587008C8CBF /* Sources */,
				EA42D38B1FBA4587008C8CBF /* Frameworks */,
				EA42D38C1FBA4587008C8CBF /* Resources */,
				B85BEE1B5B1E212F579EB88D /* [CP] Embed Pods Frameworks */,
				8FF0C6C6E6B53B538E3E5819 /* [CP] Copy Pods Resources */,
			);
			buildRules = (
			);
			dependencies = (
			);
			name = MyCATA;
			productName = MyCATA;
			productReference = EA42D38E1FBA4587008C8CBF /* MyCATA.app */;
			productType = "com.apple.product-type.application";
		};
		EA42D3A11FBA4588008C8CBF /* MyCATATests */ = {
			isa = PBXNativeTarget;
			buildConfigurationList = EA42D3AE1FBA4588008C8CBF /* Build configuration list for PBXNativeTarget "MyCATATests" */;
			buildPhases = (
				EA42D39E1FBA4588008C8CBF /* Sources */,
				EA42D39F1FBA4588008C8CBF /* Frameworks */,
				EA42D3A01FBA4588008C8CBF /* Resources */,
			);
			buildRules = (
			);
			dependencies = (
				EA42D3A41FBA4588008C8CBF /* PBXTargetDependency */,
			);
			name = MyCATATests;
			productName = MyCATATests;
			productReference = EA42D3A21FBA4588008C8CBF /* MyCATATests.xctest */;
			productType = "com.apple.product-type.bundle.unit-test";
		};
/* End PBXNativeTarget section */

/* Begin PBXProject section */
		EA42D3861FBA4587008C8CBF /* Project object */ = {
			isa = PBXProject;
			attributes = {
				LastSwiftUpdateCheck = 0910;
				LastUpgradeCheck = 0910;
				ORGANIZATIONNAME = "Punnavit Akkarapitakchai";
				TargetAttributes = {
					EA42D38D1FBA4587008C8CBF = {
						CreatedOnToolsVersion = 9.1;
						ProvisioningStyle = Automatic;
					};
					EA42D3A11FBA4588008C8CBF = {
						CreatedOnToolsVersion = 9.1;
						ProvisioningStyle = Automatic;
						TestTargetID = EA42D38D1FBA4587008C8CBF;
					};
				};
			};
			buildConfigurationList = EA42D3891FBA4587008C8CBF /* Build configuration list for PBXProject "MyCATA" */;
			compatibilityVersion = "Xcode 8.0";
			developmentRegion = en;
			hasScannedForEncodings = 0;
			knownRegions = (
				en,
				Base,
			);
			mainGroup = EA42D3851FBA4587008C8CBF;
			productRefGroup = EA42D38F1FBA4587008C8CBF /* Products */;
			projectDirPath = "";
			projectRoot = "";
			targets = (
				EA42D38D1FBA4587008C8CBF /* MyCATA */,
				EA42D3A11FBA4588008C8CBF /* MyCATATests */,
			);
		};
/* End PBXProject section */

/* Begin PBXResourcesBuildPhase section */
		EA42D38C1FBA4587008C8CBF /* Resources */ = {
			isa = PBXResourcesBuildPhase;
			buildActionMask = 2147483647;
			files = (
				EA42D39C1FBA4588008C8CBF /* LaunchScreen.storyboard in Resources */,
				EA82CCC91FCCD71C00105E6A /* data.json in Resources */,
				EA42D3DA1FC189AA008C8CBF /* DepartureTableViewHeader.xib in Resources */,
				EA42D3BC1FBA4902008C8CBF /* RouteData.json in Resources */,
				EA42D3BB1FBA4902008C8CBF /* StopData.json in Resources */,
				EA42D3991FBA4588008C8CBF /* Assets.xcassets in Resources */,
				EA42D3971FBA4588008C8CBF /* Main.storyboard in Resources */,
			);
			runOnlyForDeploymentPostprocessing = 0;
		};
		EA42D3A01FBA4588008C8CBF /* Resources */ = {
			isa = PBXResourcesBuildPhase;
			buildActionMask = 2147483647;
			files = (
			);
			runOnlyForDeploymentPostprocessing = 0;
		};
/* End PBXResourcesBuildPhase section */

/* Begin PBXShellScriptBuildPhase section */
		8FF0C6C6E6B53B538E3E5819 /* [CP] Copy Pods Resources */ = {
			isa = PBXShellScriptBuildPhase;
			buildActionMask = 2147483647;
			files = (
			);
			inputPaths = (
			);
			name = "[CP] Copy Pods Resources";
			outputPaths = (
			);
			runOnlyForDeploymentPostprocessing = 0;
			shellPath = /bin/sh;
			shellScript = "\"${SRCROOT}/Pods/Target Support Files/Pods-MyCATA/Pods-MyCATA-resources.sh\"\n";
			showEnvVarsInLog = 0;
		};
		B85BEE1B5B1E212F579EB88D /* [CP] Embed Pods Frameworks */ = {
			isa = PBXShellScriptBuildPhase;
			buildActionMask = 2147483647;
			files = (
			);
			inputPaths = (
				"${SRCROOT}/Pods/Target Support Files/Pods-MyCATA/Pods-MyCATA-frameworks.sh",
				"${BUILT_PRODUCTS_DIR}/AEXML/AEXML.framework",
				"${BUILT_PRODUCTS_DIR}/Kml.swift/Kml_swift.framework",
			);
			name = "[CP] Embed Pods Frameworks";
			outputPaths = (
				"${TARGET_BUILD_DIR}/${FRAMEWORKS_FOLDER_PATH}/AEXML.framework",
				"${TARGET_BUILD_DIR}/${FRAMEWORKS_FOLDER_PATH}/Kml_swift.framework",
			);
			runOnlyForDeploymentPostprocessing = 0;
			shellPath = /bin/sh;
			shellScript = "\"${SRCROOT}/Pods/Target Support Files/Pods-MyCATA/Pods-MyCATA-frameworks.sh\"\n";
			showEnvVarsInLog = 0;
		};
		E433B2188536E62A83BA23F8 /* [CP] Check Pods Manifest.lock */ = {
			isa = PBXShellScriptBuildPhase;
			buildActionMask = 2147483647;
			files = (
			);
			inputPaths = (
				"${PODS_PODFILE_DIR_PATH}/Podfile.lock",
				"${PODS_ROOT}/Manifest.lock",
			);
			name = "[CP] Check Pods Manifest.lock";
			outputPaths = (
				"$(DERIVED_FILE_DIR)/Pods-MyCATA-checkManifestLockResult.txt",
			);
			runOnlyForDeploymentPostprocessing = 0;
			shellPath = /bin/sh;
			shellScript = "diff \"${PODS_PODFILE_DIR_PATH}/Podfile.lock\" \"${PODS_ROOT}/Manifest.lock\" > /dev/null\nif [ $? != 0 ] ; then\n    # print error to STDERR\n    echo \"error: The sandbox is not in sync with the Podfile.lock. Run 'pod install' or update your CocoaPods installation.\" >&2\n    exit 1\nfi\n# This output is used by Xcode 'outputs' to avoid re-running this script phase.\necho \"SUCCESS\" > \"${SCRIPT_OUTPUT_FILE_0}\"\n";
			showEnvVarsInLog = 0;
		};
/* End PBXShellScriptBuildPhase section */

/* Begin PBXSourcesBuildPhase section */
		EA42D38A1FBA4587008C8CBF /* Sources */ = {
			isa = PBXSourcesBuildPhase;
			buildActionMask = 2147483647;
			files = (
				EA42D3C61FBCF460008C8CBF /* MyCATAModel.swift in Sources */,
				EA42D3941FBA4588008C8CBF /* WelcomeViewController.swift in Sources */,
				EA42D3CC1FBE1D96008C8CBF /* RoutesTableViewController.swift in Sources */,
				EA94F3E81FCBF82700FB7F2C /* RouteMapViewController.swift in Sources */,
				EA42D3DC1FC18AA5008C8CBF /* DepartureTableHeaderView.swift in Sources */,
				EA9244991FD0907E00DE02B4 /* SearchTableViewController.swift in Sources */,
				EA94F3EC1FCBF93700FB7F2C /* RouteMapViewModel.swift in Sources */,
				EA42D3BE1FBBB955008C8CBF /* RouteDetail.swift in Sources */,
				EA42D3C21FBBBEDA008C8CBF /* RouteStop.swift in Sources */,
				EAF06C151FC273AC00E1FE86 /* SettingsTableViewController.swift in Sources */,
				EAE0D72B1FC6433100615053 /* Date+extension.swift in Sources */,
				EA6536DA1FCDE64800562117 /* LocationServices.swift in Sources */,
				EA42D3D01FC155F2008C8CBF /* FavoritesTableViewController.swift in Sources */,
				EA42D3C81FBE1246008C8CBF /* Constants.swift in Sources */,
				EA42D3921FBA4588008C8CBF /* AppDelegate.swift in Sources */,
				EA42D3C01FBBBDB1008C8CBF /* Stop.swift in Sources */,
				EA42D3CE1FC146A3008C8CBF /* StopDeparture.swift in Sources */,
				EA42D3D21FC16E12008C8CBF /* DepartureTableViewCell.swift in Sources */,
				EA42D3CA1FBE19D6008C8CBF /* UIColor+extension.swift in Sources */,
			);
			runOnlyForDeploymentPostprocessing = 0;
		};
		EA42D39E1FBA4588008C8CBF /* Sources */ = {
			isa = PBXSourcesBuildPhase;
			buildActionMask = 2147483647;
			files = (
				EA42D3A71FBA4588008C8CBF /* MyCATATests.swift in Sources */,
			);
			runOnlyForDeploymentPostprocessing = 0;
		};
/* End PBXSourcesBuildPhase section */

/* Begin PBXTargetDependency section */
		EA42D3A41FBA4588008C8CBF /* PBXTargetDependency */ = {
			isa = PBXTargetDependency;
			target = EA42D38D1FBA4587008C8CBF /* MyCATA */;
			targetProxy = EA42D3A31FBA4588008C8CBF /* PBXContainerItemProxy */;
		};
/* End PBXTargetDependency section */

/* Begin PBXVariantGroup section */
		EA42D3951FBA4588008C8CBF /* Main.storyboard */ = {
			isa = PBXVariantGroup;
			children = (
				EA42D3961FBA4588008C8CBF /* Base */,
			);
			name = Main.storyboard;
			sourceTree = "<group>";
		};
		EA42D39A1FBA4588008C8CBF /* LaunchScreen.storyboard */ = {
			isa = PBXVariantGroup;
			children = (
				EA42D39B1FBA4588008C8CBF /* Base */,
			);
			name = LaunchScreen.storyboard;
			sourceTree = "<group>";
		};
/* End PBXVariantGroup section */

/* Begin XCBuildConfiguration section */
		EA42D3A91FBA4588008C8CBF /* Debug */ = {
			isa = XCBuildConfiguration;
			buildSettings = {
				ALWAYS_SEARCH_USER_PATHS = NO;
				CLANG_ANALYZER_NONNULL = YES;
				CLANG_ANALYZER_NUMBER_OBJECT_CONVERSION = YES_AGGRESSIVE;
				CLANG_CXX_LANGUAGE_STANDARD = "gnu++14";
				CLANG_CXX_LIBRARY = "libc++";
				CLANG_ENABLE_MODULES = YES;
				CLANG_ENABLE_OBJC_ARC = YES;
				CLANG_WARN_BLOCK_CAPTURE_AUTORELEASING = YES;
				CLANG_WARN_BOOL_CONVERSION = YES;
				CLANG_WARN_COMMA = YES;
				CLANG_WARN_CONSTANT_CONVERSION = YES;
				CLANG_WARN_DIRECT_OBJC_ISA_USAGE = YES_ERROR;
				CLANG_WARN_DOCUMENTATION_COMMENTS = YES;
				CLANG_WARN_EMPTY_BODY = YES;
				CLANG_WARN_ENUM_CONVERSION = YES;
				CLANG_WARN_INFINITE_RECURSION = YES;
				CLANG_WARN_INT_CONVERSION = YES;
				CLANG_WARN_NON_LITERAL_NULL_CONVERSION = YES;
				CLANG_WARN_OBJC_LITERAL_CONVERSION = YES;
				CLANG_WARN_OBJC_ROOT_CLASS = YES_ERROR;
				CLANG_WARN_RANGE_LOOP_ANALYSIS = YES;
				CLANG_WARN_STRICT_PROTOTYPES = YES;
				CLANG_WARN_SUSPICIOUS_MOVE = YES;
				CLANG_WARN_UNGUARDED_AVAILABILITY = YES_AGGRESSIVE;
				CLANG_WARN_UNREACHABLE_CODE = YES;
				CLANG_WARN__DUPLICATE_METHOD_MATCH = YES;
				CODE_SIGN_IDENTITY = "iPhone Developer";
				COPY_PHASE_STRIP = NO;
				DEBUG_INFORMATION_FORMAT = dwarf;
				ENABLE_STRICT_OBJC_MSGSEND = YES;
				ENABLE_TESTABILITY = YES;
				GCC_C_LANGUAGE_STANDARD = gnu11;
				GCC_DYNAMIC_NO_PIC = NO;
				GCC_NO_COMMON_BLOCKS = YES;
				GCC_OPTIMIZATION_LEVEL = 0;
				GCC_PREPROCESSOR_DEFINITIONS = (
					"DEBUG=1",
					"$(inherited)",
				);
				GCC_WARN_64_TO_32_BIT_CONVERSION = YES;
				GCC_WARN_ABOUT_RETURN_TYPE = YES_ERROR;
				GCC_WARN_UNDECLARED_SELECTOR = YES;
				GCC_WARN_UNINITIALIZED_AUTOS = YES_AGGRESSIVE;
				GCC_WARN_UNUSED_FUNCTION = YES;
				GCC_WARN_UNUSED_VARIABLE = YES;
				IPHONEOS_DEPLOYMENT_TARGET = 11.1;
				MTL_ENABLE_DEBUG_INFO = YES;
				ONLY_ACTIVE_ARCH = YES;
				SDKROOT = iphoneos;
				SWIFT_ACTIVE_COMPILATION_CONDITIONS = DEBUG;
				SWIFT_OPTIMIZATION_LEVEL = "-Onone";
			};
			name = Debug;
		};
		EA42D3AA1FBA4588008C8CBF /* Release */ = {
			isa = XCBuildConfiguration;
			buildSettings = {
				ALWAYS_SEARCH_USER_PATHS = NO;
				CLANG_ANALYZER_NONNULL = YES;
				CLANG_ANALYZER_NUMBER_OBJECT_CONVERSION = YES_AGGRESSIVE;
				CLANG_CXX_LANGUAGE_STANDARD = "gnu++14";
				CLANG_CXX_LIBRARY = "libc++";
				CLANG_ENABLE_MODULES = YES;
				CLANG_ENABLE_OBJC_ARC = YES;
				CLANG_WARN_BLOCK_CAPTURE_AUTORELEASING = YES;
				CLANG_WARN_BOOL_CONVERSION = YES;
				CLANG_WARN_COMMA = YES;
				CLANG_WARN_CONSTANT_CONVERSION = YES;
				CLANG_WARN_DIRECT_OBJC_ISA_USAGE = YES_ERROR;
				CLANG_WARN_DOCUMENTATION_COMMENTS = YES;
				CLANG_WARN_EMPTY_BODY = YES;
				CLANG_WARN_ENUM_CONVERSION = YES;
				CLANG_WARN_INFINITE_RECURSION = YES;
				CLANG_WARN_INT_CONVERSION = YES;
				CLANG_WARN_NON_LITERAL_NULL_CONVERSION = YES;
				CLANG_WARN_OBJC_LITERAL_CONVERSION = YES;
				CLANG_WARN_OBJC_ROOT_CLASS = YES_ERROR;
				CLANG_WARN_RANGE_LOOP_ANALYSIS = YES;
				CLANG_WARN_STRICT_PROTOTYPES = YES;
				CLANG_WARN_SUSPICIOUS_MOVE = YES;
				CLANG_WARN_UNGUARDED_AVAILABILITY = YES_AGGRESSIVE;
				CLANG_WARN_UNREACHABLE_CODE = YES;
				CLANG_WARN__DUPLICATE_METHOD_MATCH = YES;
				CODE_SIGN_IDENTITY = "iPhone Developer";
				COPY_PHASE_STRIP = NO;
				DEBUG_INFORMATION_FORMAT = "dwarf-with-dsym";
				ENABLE_NS_ASSERTIONS = NO;
				ENABLE_STRICT_OBJC_MSGSEND = YES;
				GCC_C_LANGUAGE_STANDARD = gnu11;
				GCC_NO_COMMON_BLOCKS = YES;
				GCC_WARN_64_TO_32_BIT_CONVERSION = YES;
				GCC_WARN_ABOUT_RETURN_TYPE = YES_ERROR;
				GCC_WARN_UNDECLARED_SELECTOR = YES;
				GCC_WARN_UNINITIALIZED_AUTOS = YES_AGGRESSIVE;
				GCC_WARN_UNUSED_FUNCTION = YES;
				GCC_WARN_UNUSED_VARIABLE = YES;
				IPHONEOS_DEPLOYMENT_TARGET = 11.1;
				MTL_ENABLE_DEBUG_INFO = NO;
				SDKROOT = iphoneos;
				SWIFT_OPTIMIZATION_LEVEL = "-Owholemodule";
				VALIDATE_PRODUCT = YES;
			};
			name = Release;
		};
		EA42D3AC1FBA4588008C8CBF /* Debug */ = {
			isa = XCBuildConfiguration;
			baseConfigurationReference = 918333511F8F4D3F2B7C3509 /* Pods-MyCATA.debug.xcconfig */;
			buildSettings = {
				ASSETCATALOG_COMPILER_APPICON_NAME = AppIcon;
				CODE_SIGN_STYLE = Automatic;
				DEVELOPMENT_TEAM = HWAQD98M8Y;
				INFOPLIST_FILE = "MyCATA/Supporting Cast/Info.plist";
				IPHONEOS_DEPLOYMENT_TARGET = 10.3;
				LD_RUNPATH_SEARCH_PATHS = "$(inherited) @executable_path/Frameworks";
				PRODUCT_BUNDLE_IDENTIFIER = edu.psu.cse.pva5115.MyCATA;
				PRODUCT_NAME = "$(TARGET_NAME)";
				SWIFT_VERSION = 4.0;
				TARGETED_DEVICE_FAMILY = "1,2";
			};
			name = Debug;
		};
		EA42D3AD1FBA4588008C8CBF /* Release */ = {
			isa = XCBuildConfiguration;
			baseConfigurationReference = 547C257FF99783CDBDC97527 /* Pods-MyCATA.release.xcconfig */;
			buildSettings = {
				ASSETCATALOG_COMPILER_APPICON_NAME = AppIcon;
				CODE_SIGN_STYLE = Automatic;
				DEVELOPMENT_TEAM = HWAQD98M8Y;
				INFOPLIST_FILE = "MyCATA/Supporting Cast/Info.plist";
				IPHONEOS_DEPLOYMENT_TARGET = 10.3;
				LD_RUNPATH_SEARCH_PATHS = "$(inherited) @executable_path/Frameworks";
				PRODUCT_BUNDLE_IDENTIFIER = edu.psu.cse.pva5115.MyCATA;
				PRODUCT_NAME = "$(TARGET_NAME)";
				SWIFT_VERSION = 4.0;
				TARGETED_DEVICE_FAMILY = "1,2";
			};
			name = Release;
		};
		EA42D3AF1FBA4588008C8CBF /* Debug */ = {
			isa = XCBuildConfiguration;
			buildSettings = {
				ALWAYS_EMBED_SWIFT_STANDARD_LIBRARIES = YES;
				BUNDLE_LOADER = "$(TEST_HOST)";
				CODE_SIGN_STYLE = Automatic;
				DEVELOPMENT_TEAM = HWAQD98M8Y;
				INFOPLIST_FILE = MyCATATests/Info.plist;
				LD_RUNPATH_SEARCH_PATHS = "$(inherited) @executable_path/Frameworks @loader_path/Frameworks";
				PRODUCT_BUNDLE_IDENTIFIER = edu.psu.cse.pva5115.MyCATATests;
				PRODUCT_NAME = "$(TARGET_NAME)";
				SWIFT_VERSION = 4.0;
				TARGETED_DEVICE_FAMILY = "1,2";
				TEST_HOST = "$(BUILT_PRODUCTS_DIR)/MyCATA.app/MyCATA";
			};
			name = Debug;
		};
		EA42D3B01FBA4588008C8CBF /* Release */ = {
			isa = XCBuildConfiguration;
			buildSettings = {
				ALWAYS_EMBED_SWIFT_STANDARD_LIBRARIES = YES;
				BUNDLE_LOADER = "$(TEST_HOST)";
				CODE_SIGN_STYLE = Automatic;
				DEVELOPMENT_TEAM = HWAQD98M8Y;
				INFOPLIST_FILE = MyCATATests/Info.plist;
				LD_RUNPATH_SEARCH_PATHS = "$(inherited) @executable_path/Frameworks @loader_path/Frameworks";
				PRODUCT_BUNDLE_IDENTIFIER = edu.psu.cse.pva5115.MyCATATests;
				PRODUCT_NAME = "$(TARGET_NAME)";
				SWIFT_VERSION = 4.0;
				TARGETED_DEVICE_FAMILY = "1,2";
				TEST_HOST = "$(BUILT_PRODUCTS_DIR)/MyCATA.app/MyCATA";
			};
			name = Release;
		};
/* End XCBuildConfiguration section */

/* Begin XCConfigurationList section */
		EA42D3891FBA4587008C8CBF /* Build configuration list for PBXProject "MyCATA" */ = {
			isa = XCConfigurationList;
			buildConfigurations = (
				EA42D3A91FBA4588008C8CBF /* Debug */,
				EA42D3AA1FBA4588008C8CBF /* Release */,
			);
			defaultConfigurationIsVisible = 0;
			defaultConfigurationName = Release;
		};
		EA42D3AB1FBA4588008C8CBF /* Build configuration list for PBXNativeTarget "MyCATA" */ = {
			isa = XCConfigurationList;
			buildConfigurations = (
				EA42D3AC1FBA4588008C8CBF /* Debug */,
				EA42D3AD1FBA4588008C8CBF /* Release */,
			);
			defaultConfigurationIsVisible = 0;
			defaultConfigurationName = Release;
		};
		EA42D3AE1FBA4588008C8CBF /* Build configuration list for PBXNativeTarget "MyCATATests" */ = {
			isa = XCConfigurationList;
			buildConfigurations = (
				EA42D3AF1FBA4588008C8CBF /* Debug */,
				EA42D3B01FBA4588008C8CBF /* Release */,
			);
			defaultConfigurationIsVisible = 0;
			defaultConfigurationName = Release;
		};
/* End XCConfigurationList section */
	};
	rootObject = EA42D3861FBA4587008C8CBF /* Project object */;
}
